
Microsoft Visual Studio Solution File, Format Version 12.00
# Visual Studio Version 17
VisualStudioVersion = 17.7.34018.315
MinimumVisualStudioVersion = 10.0.40219.1
Project("{54A90642-561A-4BB1-A94E-469ADEE60C69}") = "angularapp", "angularapp\angularapp.esproj", "{E8DA869B-3849-484D-A5B7-D160DAFF5358}"
EndProject
Project("{9A19103F-16F7-4668-BE54-9A1E7A4F7556}") = "webapi", "webapi\webapi.csproj", "{E9AB06D3-94A0-475A-83B8-0BA6ADDAC8B3}"
EndProject
Project("{9A19103F-16F7-4668-BE54-9A1E7A4F7556}") = "BL", "BL\BL.csproj", "{87521D43-9F4D-41CC-BD92-E891EAD6D9FB}"
EndProject
Project("{9A19103F-16F7-4668-BE54-9A1E7A4F7556}") = "DL", "DL\DL.csproj", "{191FB088-D8AE-4508-ACCC-6EF466A1FEF2}"
EndProject
Project("{9A19103F-16F7-4668-BE54-9A1E7A4F7556}") = "ML", "ML\ML.csproj", "{ADF78F50-65CC-42E3-AEE7-F64CB0610B86}"
EndProject
Global
	GlobalSection(SolutionConfigurationPlatforms) = preSolution
		Debug|Any CPU = Debug|Any CPU
		Release|Any CPU = Release|Any CPU
	EndGlobalSection
	GlobalSection(ProjectConfigurationPlatforms) = postSolution
		{E8DA869B-3849-484D-A5B7-D160DAFF5358}.Debug|Any CPU.ActiveCfg = Debug|Any CPU
		{E8DA869B-3849-484D-A5B7-D160DAFF5358}.Debug|Any CPU.Build.0 = Debug|Any CPU
		{E8DA869B-3849-484D-A5B7-D160DAFF5358}.Debug|Any CPU.Deploy.0 = Debug|Any CPU
		{E8DA869B-3849-484D-A5B7-D160DAFF5358}.Release|Any CPU.ActiveCfg = Release|Any CPU
		{E8DA869B-3849-484D-A5B7-D160DAFF5358}.Release|Any CPU.Build.0 = Release|Any CPU
		{E8DA869B-3849-484D-A5B7-D160DAFF5358}.Release|Any CPU.Deploy.0 = Release|Any CPU
		{E9AB06D3-94A0-475A-83B8-0BA6ADDAC8B3}.Debug|Any CPU.ActiveCfg = Debug|Any CPU
		{E9AB06D3-94A0-475A-83B8-0BA6ADDAC8B3}.Debug|Any CPU.Build.0 = Debug|Any CPU
		{E9AB06D3-94A0-475A-83B8-0BA6ADDAC8B3}.Release|Any CPU.ActiveCfg = Release|Any CPU
		{E9AB06D3-94A0-475A-83B8-0BA6ADDAC8B3}.Release|Any CPU.Build.0 = Release|Any CPU
		{87521D43-9F4D-41CC-BD92-E891EAD6D9FB}.Debug|Any CPU.ActiveCfg = Debug|Any CPU
		{87521D43-9F4D-41CC-BD92-E891EAD6D9FB}.Debug|Any CPU.Build.0 = Debug|Any CPU
		{87521D43-9F4D-41CC-BD92-E891EAD6D9FB}.Release|Any CPU.ActiveCfg = Release|Any CPU
		{87521D43-9F4D-41CC-BD92-E891EAD6D9FB}.Release|Any CPU.Build.0 = Release|Any CPU
		{191FB088-D8AE-4508-ACCC-6EF466A1FEF2}.Debug|Any CPU.ActiveCfg = Debug|Any CPU
		{191FB088-D8AE-4508-ACCC-6EF466A1FEF2}.Debug|Any CPU.Build.0 = Debug|Any CPU
		{191FB088-D8AE-4508-ACCC-6EF466A1FEF2}.Release|Any CPU.ActiveCfg = Release|Any CPU
		{191FB088-D8AE-4508-ACCC-6EF466A1FEF2}.Release|Any CPU.Build.0 = Release|Any CPU
		{ADF78F50-65CC-42E3-AEE7-F64CB0610B86}.Debug|Any CPU.ActiveCfg = Debug|Any CPU
		{ADF78F50-65CC-42E3-AEE7-F64CB0610B86}.Debug|Any CPU.Build.0 = Debug|Any CPU
		{ADF78F50-65CC-42E3-AEE7-F64CB0610B86}.Release|Any CPU.ActiveCfg = Release|Any CPU
		{ADF78F50-65CC-42E3-AEE7-F64CB0610B86}.Release|Any CPU.Build.0 = Release|Any CPU
	EndGlobalSection
	GlobalSection(SolutionProperties) = preSolution
		HideSolutionNode = FALSE
	EndGlobalSection
	GlobalSection(ExtensibilityGlobals) = postSolution
		SolutionGuid = {A46B956F-3D9F-4C5F-A094-FAF7E734365D}
	EndGlobalSection
EndGlobal
